
Microsoft Visual Studio Solution File, Format Version 12.00
# Visual Studio Version 17
VisualStudioVersion = 17.10.35004.147
MinimumVisualStudioVersion = 10.0.40219.1
Project("{9A19103F-16F7-4668-BE54-9A1E7A4F7556}") = "AutoShowroom_Api", "AutoShowroom_Api\AutoShowroom_Api.csproj", "{F70D6C99-6658-4C4E-84B6-A20C3FB7E026}"
EndProject
Project("{9A19103F-16F7-4668-BE54-9A1E7A4F7556}") = "AutoShowroom_UI", "AutoShowroom_UI\AutoShowroom_UI.csproj", "{62F8A063-0716-4088-BBE6-15BEC40E2CA3}"
EndProject
Global
	GlobalSection(SolutionConfigurationPlatforms) = preSolution
		Debug|Any CPU = Debug|Any CPU
		Release|Any CPU = Release|Any CPU
	EndGlobalSection
	GlobalSection(ProjectConfigurationPlatforms) = postSolution
		{F70D6C99-6658-4C4E-84B6-A20C3FB7E026}.Debug|Any CPU.ActiveCfg = Debug|Any CPU
		{F70D6C99-6658-4C4E-84B6-A20C3FB7E026}.Debug|Any CPU.Build.0 = Debug|Any CPU
		{F70D6C99-6658-4C4E-84B6-A20C3FB7E026}.Release|Any CPU.ActiveCfg = Release|Any CPU
		{F70D6C99-6658-4C4E-84B6-A20C3FB7E026}.Release|Any CPU.Build.0 = Release|Any CPU
		{62F8A063-0716-4088-BBE6-15BEC40E2CA3}.Debug|Any CPU.ActiveCfg = Debug|Any CPU
		{62F8A063-0716-4088-BBE6-15BEC40E2CA3}.Debug|Any CPU.Build.0 = Debug|Any CPU
		{62F8A063-0716-4088-BBE6-15BEC40E2CA3}.Release|Any CPU.ActiveCfg = Release|Any CPU
		{62F8A063-0716-4088-BBE6-15BEC40E2CA3}.Release|Any CPU.Build.0 = Release|Any CPU
	EndGlobalSection
	GlobalSection(SolutionProperties) = preSolution
		HideSolutionNode = FALSE
	EndGlobalSection
	GlobalSection(ExtensibilityGlobals) = postSolution
		SolutionGuid = {27D376E7-1424-446C-AB42-9F5A3C692215}
	EndGlobalSection
EndGlobal
